
Microsoft Visual Studio Solution File, Format Version 12.00
# Visual Studio 15
VisualStudioVersion = 15.0.28307.329
MinimumVisualStudioVersion = 10.0.40219.1
Project("{FAE04EC0-301F-11D3-BF4B-00C04F79EFBC}") = "IDMCaller", "IDMCaller\IDMCaller.csproj", "{7F77E3C2-531F-465A-B82B-E8FC1545F537}"
EndProject
Project("{2150E333-8FDC-42A3-9474-1A3956D46DE8}") = "Solution Items", "Solution Items", "{9728184E-6FD9-4D69-8020-D9FB3FBE92E1}"
	ProjectSection(SolutionItems) = preProject
		LICENSE = LICENSE
	EndProjectSection
EndProject
Global
	GlobalSection(SolutionConfigurationPlatforms) = preSolution
		Debug|Any CPU = Debug|Any CPU
		Debug|x86 = Debug|x86
		Release|Any CPU = Release|Any CPU
		Release|x86 = Release|x86
	EndGlobalSection
	GlobalSection(ProjectConfigurationPlatforms) = postSolution
		{7F77E3C2-531F-465A-B82B-E8FC1545F537}.Debug|Any CPU.ActiveCfg = Debug|Any CPU
		{7F77E3C2-531F-465A-B82B-E8FC1545F537}.Debug|Any CPU.Build.0 = Debug|Any CPU
		{7F77E3C2-531F-465A-B82B-E8FC1545F537}.Debug|x86.ActiveCfg = Debug|x86
		{7F77E3C2-531F-465A-B82B-E8FC1545F537}.Debug|x86.Build.0 = Debug|x86
		{7F77E3C2-531F-465A-B82B-E8FC1545F537}.Release|Any CPU.ActiveCfg = Release|Any CPU
		{7F77E3C2-531F-465A-B82B-E8FC1545F537}.Release|Any CPU.Build.0 = Release|Any CPU
		{7F77E3C2-531F-465A-B82B-E8FC1545F537}.Release|x86.ActiveCfg = Release|x86
		{7F77E3C2-531F-465A-B82B-E8FC1545F537}.Release|x86.Build.0 = Release|x86
	EndGlobalSection
	GlobalSection(SolutionProperties) = preSolution
		HideSolutionNode = FALSE
	EndGlobalSection
	GlobalSection(ExtensibilityGlobals) = postSolution
		SolutionGuid = {A6090625-1152-4B76-A74A-25BCAD3006BD}
	EndGlobalSection
EndGlobal
